
Microsoft Visual Studio Solution File, Format Version 12.00
# Visual Studio 2012
Project("{8BC9CEB8-8B4A-11D0-8D11-00A0C91BC942}") = "xa-exp01", "xa-exp01\xa-exp01.vcxproj", "{476479D0-9598-478E-B75E-474F9C76E45D}"
EndProject
Global
	GlobalSection(SolutionConfigurationPlatforms) = preSolution
		Debug|Win32 = Debug|Win32
		Release|Win32 = Release|Win32
	EndGlobalSection
	GlobalSection(ProjectConfigurationPlatforms) = postSolution
		{476479D0-9598-478E-B75E-474F9C76E45D}.Debug|Win32.ActiveCfg = Debug|Win32
		{476479D0-9598-478E-B75E-474F9C76E45D}.Debug|Win32.Build.0 = Debug|Win32
		{476479D0-9598-478E-B75E-474F9C76E45D}.Release|Win32.ActiveCfg = Release|Win32
		{476479D0-9598-478E-B75E-474F9C76E45D}.Release|Win32.Build.0 = Release|Win32
	EndGlobalSection
	GlobalSection(SolutionProperties) = preSolution
		HideSolutionNode = FALSE
	EndGlobalSection
	GlobalSection(Performance) = preSolution
		HasPerformanceSessions = true
	EndGlobalSection
EndGlobal
