
Microsoft Visual Studio Solution File, Format Version 12.00
# Visual Studio 2012
Project("{8BC9CEB8-8B4A-11D0-8D11-00A0C91BC942}") = "xa-exp02", "xa-exp02\xa-exp02.vcxproj", "{940BF0AE-9831-411E-BA66-69715BF68602}"
EndProject
Global
	GlobalSection(SolutionConfigurationPlatforms) = preSolution
		Debug|Win32 = Debug|Win32
		Release|Win32 = Release|Win32
	EndGlobalSection
	GlobalSection(ProjectConfigurationPlatforms) = postSolution
		{940BF0AE-9831-411E-BA66-69715BF68602}.Debug|Win32.ActiveCfg = Debug|Win32
		{940BF0AE-9831-411E-BA66-69715BF68602}.Debug|Win32.Build.0 = Debug|Win32
		{940BF0AE-9831-411E-BA66-69715BF68602}.Release|Win32.ActiveCfg = Release|Win32
		{940BF0AE-9831-411E-BA66-69715BF68602}.Release|Win32.Build.0 = Release|Win32
	EndGlobalSection
	GlobalSection(SolutionProperties) = preSolution
		HideSolutionNode = FALSE
	EndGlobalSection
EndGlobal
