<?xml version="1.0" encoding="utf-8"?>
<Project ToolsVersion="4.0" xmlns="http://schemas.microsoft.com/developer/msbuild/2003">
  <ItemGroup>
    <Filter Include="Source Files">
      <UniqueIdentifier>{4FC737F1-C7A5-4376-A066-2A32D752A2FF}</UniqueIdentifier>
      <Extensions>cpp;c;cc;cxx;def;odl;idl;hpj;bat;asm;asmx</Extensions>
    </Filter>
    <Filter Include="Header Files">
      <UniqueIdentifier>{93995380-89BD-4b04-88EB-625FBE52EBFB}</UniqueIdentifier>
      <Extensions>h;hpp;hxx;hm;inl;inc;xsd</Extensions>
    </Filter>
    <Filter Include="Resource Files">
      <UniqueIdentifier>{67DA6AB6-F800-4c08-8B7A-83BB121AAD01}</UniqueIdentifier>
      <Extensions>rc;ico;cur;bmp;dlg;rc2;rct;bin;rgs;gif;jpg;jpeg;jpe;resx;tiff;tif;png;wav;mfcribbon-ms</Extensions>
    </Filter>
    <Filter Include="Source Files\world">
      <UniqueIdentifier>{3bcd4293-40c1-4a06-acae-bd569167317d}</UniqueIdentifier>
    </Filter>
    <Filter Include="Header Files\world">
      <UniqueIdentifier>{c0c33238-1d29-41e6-b36e-036e081fe3e2}</UniqueIdentifier>
    </Filter>
    <Filter Include="Header Files\core">
      <UniqueIdentifier>{d75eab88-6c9d-40f6-bede-42ab069b1b64}</UniqueIdentifier>
    </Filter>
    <Filter Include="Source Files\core">
      <UniqueIdentifier>{72a1908e-3976-42d1-85e5-e2b18fb57722}</UniqueIdentifier>
    </Filter>
    <Filter Include="Source Files\script">
      <UniqueIdentifier>{5b2ce88c-98f5-4054-b6a7-70b0fea1043e}</UniqueIdentifier>
    </Filter>
    <Filter Include="Header Files\rendering">
      <UniqueIdentifier>{01283c4d-059e-4fe1-97e9-e79b62c3feb5}</UniqueIdentifier>
    </Filter>
    <Filter Include="Header Files\script">
      <UniqueIdentifier>{56369709-d31d-4ac5-9180-81c2d2371721}</UniqueIdentifier>
    </Filter>
    <Filter Include="Source Files\rendering">
      <UniqueIdentifier>{7762fbc8-4fc4-4f0e-b51b-a9bae8709185}</UniqueIdentifier>
    </Filter>
  </ItemGroup>
  <ItemGroup>
    <ClCompile Include="xa-exp02.cpp">
      <Filter>Source Files</Filter>
    </ClCompile>
    <ClCompile Include="core\Engine.cpp">
      <Filter>Source Files\core</Filter>
    </ClCompile>
    <ClCompile Include="DemoScript.cpp">
      <Filter>Source Files\script</Filter>
    </ClCompile>
    <ClCompile Include="world\World.cpp">
      <Filter>Source Files\world</Filter>
    </ClCompile>
    <ClCompile Include="script\Script.cpp">
      <Filter>Source Files\script</Filter>
    </ClCompile>
    <ClCompile Include="core\Logger.cpp">
      <Filter>Source Files\core</Filter>
    </ClCompile>
    <ClCompile Include="rendering\GL42Renderer.cpp">
      <Filter>Source Files\rendering</Filter>
    </ClCompile>
    <ClCompile Include="rendering\GLFWView.cpp">
      <Filter>Source Files\rendering</Filter>
    </ClCompile>
    <ClCompile Include="rendering\Scene.cpp">
      <Filter>Source Files\rendering</Filter>
    </ClCompile>
    <ClCompile Include="rendering\Shader.cpp">
      <Filter>Source Files\rendering</Filter>
    </ClCompile>
    <ClCompile Include="rendering\ShaderProgram.cpp">
      <Filter>Source Files\rendering</Filter>
    </ClCompile>
    <ClCompile Include="rendering\RenderObject.cpp">
      <Filter>Source Files\rendering</Filter>
    </ClCompile>
    <ClCompile Include="rendering\View.cpp">
      <Filter>Source Files\rendering</Filter>
    </ClCompile>
    <ClCompile Include="core\ObjectFactory.cpp">
      <Filter>Source Files\core</Filter>
    </ClCompile>
    <ClCompile Include="rendering\Renderer.cpp">
      <Filter>Source Files\rendering</Filter>
    </ClCompile>
  </ItemGroup>
  <ItemGroup>
    <ClInclude Include="xa-exp02.h">
      <Filter>Header Files</Filter>
    </ClInclude>
    <ClInclude Include="world\World.h">
      <Filter>Header Files\world</Filter>
    </ClInclude>
    <ClInclude Include="core\Engine.h">
      <Filter>Header Files\core</Filter>
    </ClInclude>
    <ClInclude Include="rendering\View.h">
      <Filter>Header Files\rendering</Filter>
    </ClInclude>
    <ClInclude Include="rendering\Renderer.h">
      <Filter>Header Files\rendering</Filter>
    </ClInclude>
    <ClInclude Include="core\Entity.h">
      <Filter>Header Files\core</Filter>
    </ClInclude>
    <ClInclude Include="core\Object.h">
      <Filter>Header Files\core</Filter>
    </ClInclude>
    <ClInclude Include="script\DemoScript.h">
      <Filter>Header Files\script</Filter>
    </ClInclude>
    <ClInclude Include="script\Script.h">
      <Filter>Header Files\script</Filter>
    </ClInclude>
    <ClInclude Include="core\Logger.h">
      <Filter>Header Files\core</Filter>
    </ClInclude>
    <ClInclude Include="core\ObjectFactory.h">
      <Filter>Header Files\core</Filter>
    </ClInclude>
    <ClInclude Include="rendering\GL42Renderer.h">
      <Filter>Header Files\rendering</Filter>
    </ClInclude>
    <ClInclude Include="rendering\GLFWView.h">
      <Filter>Header Files\rendering</Filter>
    </ClInclude>
    <ClInclude Include="rendering\Shader.h">
      <Filter>Header Files\rendering</Filter>
    </ClInclude>
    <ClInclude Include="rendering\ShaderProgram.h">
      <Filter>Header Files\rendering</Filter>
    </ClInclude>
    <ClInclude Include="rendering\Scene.h">
      <Filter>Header Files\rendering</Filter>
    </ClInclude>
    <ClInclude Include="rendering\RenderObject.h">
      <Filter>Header Files\rendering</Filter>
    </ClInclude>
  </ItemGroup>
</Project>