<?xml version="1.0" encoding="utf-8"?>
<Project ToolsVersion="4.0" xmlns="http://schemas.microsoft.com/developer/msbuild/2003">
  <ItemGroup>
    <Filter Include="Source Files">
      <UniqueIdentifier>{4FC737F1-C7A5-4376-A066-2A32D752A2FF}</UniqueIdentifier>
      <Extensions>cpp;c;cc;cxx;def;odl;idl;hpj;bat;asm;asmx</Extensions>
    </Filter>
    <Filter Include="Header Files">
      <UniqueIdentifier>{93995380-89BD-4b04-88EB-625FBE52EBFB}</UniqueIdentifier>
      <Extensions>h;hpp;hxx;hm;inl;inc;xsd</Extensions>
    </Filter>
    <Filter Include="Resource Files">
      <UniqueIdentifier>{67DA6AB6-F800-4c08-8B7A-83BB121AAD01}</UniqueIdentifier>
      <Extensions>rc;ico;cur;bmp;dlg;rc2;rct;bin;rgs;gif;jpg;jpeg;jpe;resx;tiff;tif;png;wav;mfcribbon-ms</Extensions>
    </Filter>
    <Filter Include="Header Files\core">
      <UniqueIdentifier>{82d278b3-6dd9-4ddd-a9d8-fb0438860684}</UniqueIdentifier>
    </Filter>
    <Filter Include="Source Files\core">
      <UniqueIdentifier>{7ae0b491-a8bb-42ce-b4f4-2682678323da}</UniqueIdentifier>
    </Filter>
    <Filter Include="Source Files\shaders">
      <UniqueIdentifier>{6fc6bacb-6df4-4c30-8300-2e12420752b2}</UniqueIdentifier>
    </Filter>
    <Filter Include="Source Files\model">
      <UniqueIdentifier>{e1159dc4-afad-4333-9d97-5374d96d2863}</UniqueIdentifier>
    </Filter>
    <Filter Include="Header Files\model">
      <UniqueIdentifier>{4c7a4be5-896a-4769-8268-f23d89dd0765}</UniqueIdentifier>
    </Filter>
  </ItemGroup>
  <ItemGroup>
    <ClInclude Include="common.h">
      <Filter>Header Files</Filter>
    </ClInclude>
    <ClInclude Include="xa-exp01.h">
      <Filter>Header Files</Filter>
    </ClInclude>
    <ClInclude Include="core\GL42Renderer.h">
      <Filter>Header Files\core</Filter>
    </ClInclude>
    <ClInclude Include="core\GLFWView.h">
      <Filter>Header Files\core</Filter>
    </ClInclude>
    <ClInclude Include="core\Logger.h">
      <Filter>Header Files\core</Filter>
    </ClInclude>
    <ClInclude Include="core\ObjectFactory.h">
      <Filter>Header Files\core</Filter>
    </ClInclude>
    <ClInclude Include="core\Renderer.h">
      <Filter>Header Files\core</Filter>
    </ClInclude>
    <ClInclude Include="core\View.h">
      <Filter>Header Files\core</Filter>
    </ClInclude>
    <ClInclude Include="core\ShaderProgram.h">
      <Filter>Header Files\core</Filter>
    </ClInclude>
    <ClInclude Include="core\Shader.h">
      <Filter>Header Files\core</Filter>
    </ClInclude>
    <ClInclude Include="model\RenderObject.h">
      <Filter>Header Files\model</Filter>
    </ClInclude>
    <ClInclude Include="model\Triangle.h">
      <Filter>Header Files\model</Filter>
    </ClInclude>
    <ClInclude Include="core\Scene.h">
      <Filter>Header Files\core</Filter>
    </ClInclude>
    <ClInclude Include="model\Square.h">
      <Filter>Header Files\model</Filter>
    </ClInclude>
    <ClInclude Include="model\Cube.h">
      <Filter>Header Files\model</Filter>
    </ClInclude>
  </ItemGroup>
  <ItemGroup>
    <ClCompile Include="xa-exp01.cpp">
      <Filter>Source Files</Filter>
    </ClCompile>
    <ClCompile Include="core\GLFWView.cpp">
      <Filter>Source Files\core</Filter>
    </ClCompile>
    <ClCompile Include="core\Logger.cpp">
      <Filter>Source Files\core</Filter>
    </ClCompile>
    <ClCompile Include="core\ObjectFactory.cpp">
      <Filter>Source Files\core</Filter>
    </ClCompile>
    <ClCompile Include="core\Renderer.cpp">
      <Filter>Source Files\core</Filter>
    </ClCompile>
    <ClCompile Include="core\View.cpp">
      <Filter>Source Files\core</Filter>
    </ClCompile>
    <ClCompile Include="core\GL42Renderer.cpp">
      <Filter>Source Files\core</Filter>
    </ClCompile>
    <ClCompile Include="core\ShaderProgram.cpp">
      <Filter>Source Files\core</Filter>
    </ClCompile>
    <ClCompile Include="core\Shader.cpp">
      <Filter>Source Files\core</Filter>
    </ClCompile>
    <ClCompile Include="model\RenderObject.cpp">
      <Filter>Source Files\model</Filter>
    </ClCompile>
    <ClCompile Include="model\Triangle.cpp">
      <Filter>Source Files\model</Filter>
    </ClCompile>
    <ClCompile Include="core\Scene.cpp">
      <Filter>Source Files\core</Filter>
    </ClCompile>
    <ClCompile Include="model\Square.cpp">
      <Filter>Source Files\model</Filter>
    </ClCompile>
    <ClCompile Include="model\Cube.cpp">
      <Filter>Source Files\model</Filter>
    </ClCompile>
  </ItemGroup>
  <ItemGroup>
    <None Include="shaders\passthrough.fs">
      <Filter>Source Files\shaders</Filter>
    </None>
    <None Include="shaders\passthrough.vs">
      <Filter>Source Files\shaders</Filter>
    </None>
  </ItemGroup>
</Project>