<?xml version="1.0" encoding="utf-8"?>
<Project ToolsVersion="4.0" xmlns="http://schemas.microsoft.com/developer/msbuild/2003">
  <ItemGroup>
    <Filter Include="Source Files">
      <UniqueIdentifier>{4FC737F1-C7A5-4376-A066-2A32D752A2FF}</UniqueIdentifier>
      <Extensions>cpp;c;cc;cxx;def;odl;idl;hpj;bat;asm;asmx</Extensions>
    </Filter>
    <Filter Include="Header Files">
      <UniqueIdentifier>{93995380-89BD-4b04-88EB-625FBE52EBFB}</UniqueIdentifier>
      <Extensions>h;hpp;hxx;hm;inl;inc;xsd</Extensions>
    </Filter>
    <Filter Include="Resource Files">
      <UniqueIdentifier>{67DA6AB6-F800-4c08-8B7A-83BB121AAD01}</UniqueIdentifier>
      <Extensions>rc;ico;cur;bmp;dlg;rc2;rct;bin;rgs;gif;jpg;jpeg;jpe;resx;tiff;tif;png;wav;mfcribbon-ms</Extensions>
    </Filter>
    <Filter Include="Header Files\core">
      <UniqueIdentifier>{82d278b3-6dd9-4ddd-a9d8-fb0438860684}</UniqueIdentifier>
    </Filter>
    <Filter Include="Source Files\core">
      <UniqueIdentifier>{7ae0b491-a8bb-42ce-b4f4-2682678323da}</UniqueIdentifier>
    </Filter>
    <Filter Include="Header Files\object">
      <UniqueIdentifier>{239e8e29-f65c-4476-951d-d330ae4be9ee}</UniqueIdentifier>
    </Filter>
    <Filter Include="Source Files\object">
      <UniqueIdentifier>{2d4d9314-4280-4c7b-b5ce-87059c460582}</UniqueIdentifier>
    </Filter>
  </ItemGroup>
  <ItemGroup>
    <ClInclude Include="common.h">
      <Filter>Header Files</Filter>
    </ClInclude>
    <ClInclude Include="Scene.h">
      <Filter>Header Files</Filter>
    </ClInclude>
    <ClInclude Include="xa-exp01.h">
      <Filter>Header Files</Filter>
    </ClInclude>
    <ClInclude Include="core\GL42Renderer.h">
      <Filter>Header Files\core</Filter>
    </ClInclude>
    <ClInclude Include="core\GLFWView.h">
      <Filter>Header Files\core</Filter>
    </ClInclude>
    <ClInclude Include="core\Logger.h">
      <Filter>Header Files\core</Filter>
    </ClInclude>
    <ClInclude Include="core\ObjectFactory.h">
      <Filter>Header Files\core</Filter>
    </ClInclude>
    <ClInclude Include="core\Renderer.h">
      <Filter>Header Files\core</Filter>
    </ClInclude>
    <ClInclude Include="core\View.h">
      <Filter>Header Files\core</Filter>
    </ClInclude>
    <ClInclude Include="core\ShaderProgram.h">
      <Filter>Header Files\core</Filter>
    </ClInclude>
    <ClInclude Include="core\Shader.h">
      <Filter>Header Files\core</Filter>
    </ClInclude>
    <ClInclude Include="object\Triangle.h">
      <Filter>Header Files\object</Filter>
    </ClInclude>
    <ClInclude Include="object\RenderObject.h">
      <Filter>Header Files\object</Filter>
    </ClInclude>
  </ItemGroup>
  <ItemGroup>
    <ClCompile Include="xa-exp01.cpp">
      <Filter>Source Files</Filter>
    </ClCompile>
    <ClCompile Include="core\GLFWView.cpp">
      <Filter>Source Files\core</Filter>
    </ClCompile>
    <ClCompile Include="core\Logger.cpp">
      <Filter>Source Files\core</Filter>
    </ClCompile>
    <ClCompile Include="core\ObjectFactory.cpp">
      <Filter>Source Files\core</Filter>
    </ClCompile>
    <ClCompile Include="core\Renderer.cpp">
      <Filter>Source Files\core</Filter>
    </ClCompile>
    <ClCompile Include="core\View.cpp">
      <Filter>Source Files\core</Filter>
    </ClCompile>
    <ClCompile Include="core\GL42Renderer.cpp">
      <Filter>Source Files\core</Filter>
    </ClCompile>
    <ClCompile Include="core\ShaderProgram.cpp">
      <Filter>Source Files\core</Filter>
    </ClCompile>
    <ClCompile Include="core\Shader.cpp">
      <Filter>Source Files\core</Filter>
    </ClCompile>
    <ClCompile Include="object\Triangle.cpp">
      <Filter>Source Files\object</Filter>
    </ClCompile>
    <ClCompile Include="object\RenderObject.cpp">
      <Filter>Source Files\object</Filter>
    </ClCompile>
  </ItemGroup>
  <ItemGroup>
    <None Include="passthrough.fs">
      <Filter>Source Files</Filter>
    </None>
    <None Include="passthrough.vs">
      <Filter>Source Files</Filter>
    </None>
  </ItemGroup>
</Project>